// !$*UTF8*$!
{
	archiveVersion = 1;
	classes = {
	};
	objectVersion = 56;
	objects = {

/* Begin PBXBuildFile section */
		0886F82D2C95C66700867834 /* ApartmentsVTApp.swift in Sources */ = {isa = PBXBuildFile; fileRef = 0886F82C2C95C66700867834 /* ApartmentsVTApp.swift */; };
		0886F82F2C95C66700867834 /* ContentView.swift in Sources */ = {isa = PBXBuildFile; fileRef = 0886F82E2C95C66700867834 /* ContentView.swift */; };
		0886F8332C95C66900867834 /* Assets.xcassets in Resources */ = {isa = PBXBuildFile; fileRef = 0886F8322C95C66900867834 /* Assets.xcassets */; };
		0886F8362C95C66900867834 /* Preview Assets.xcassets in Resources */ = {isa = PBXBuildFile; fileRef = 0886F8352C95C66900867834 /* Preview Assets.xcassets */; };
		0886F83D2C96235C00867834 /* NavigationBar.swift in Sources */ = {isa = PBXBuildFile; fileRef = 0886F83C2C96235C00867834 /* NavigationBar.swift */; };
		0886F8402C96238000867834 /* SteadmanUI in Frameworks */ = {isa = PBXBuildFile; productRef = 0886F83F2C96238000867834 /* SteadmanUI */; };
		0886F8432C96261000867834 /* DiscoverPage.swift in Sources */ = {isa = PBXBuildFile; fileRef = 0886F8422C96261000867834 /* DiscoverPage.swift */; };
		0886F8452C96261F00867834 /* SearchView.swift in Sources */ = {isa = PBXBuildFile; fileRef = 0886F8442C96261F00867834 /* SearchView.swift */; };
		0886F8472C96262500867834 /* MessagesPage.swift in Sources */ = {isa = PBXBuildFile; fileRef = 0886F8462C96262500867834 /* MessagesPage.swift */; };
		0886F8492C96263500867834 /* ProfilePage.swift in Sources */ = {isa = PBXBuildFile; fileRef = 0886F8482C96263500867834 /* ProfilePage.swift */; };
		0886F84B2C96269A00867834 /* ObservableDefaults.swift in Sources */ = {isa = PBXBuildFile; fileRef = 0886F84A2C96269A00867834 /* ObservableDefaults.swift */; };
		0893D86D2C96295900D17809 /* Extensions.swift in Sources */ = {isa = PBXBuildFile; fileRef = 0893D86C2C96295900D17809 /* Extensions.swift */; };
		0893D8732C962A1300D17809 /* Inter.ttf in Resources */ = {isa = PBXBuildFile; fileRef = 0893D8712C962A1300D17809 /* Inter.ttf */; };
		0893D8742C962A1300D17809 /* Manrope.ttf in Resources */ = {isa = PBXBuildFile; fileRef = 0893D8722C962A1300D17809 /* Manrope.ttf */; };
		0893D8782C96397300D17809 /* DiscoverTopBar.swift in Sources */ = {isa = PBXBuildFile; fileRef = 0893D8772C96397300D17809 /* DiscoverTopBar.swift */; };
		0893D87A2C9639B200D17809 /* RecommendedListings.swift in Sources */ = {isa = PBXBuildFile; fileRef = 0893D8792C9639B200D17809 /* RecommendedListings.swift */; };
		0893D87D2C9639D400D17809 /* ListingInline.swift in Sources */ = {isa = PBXBuildFile; fileRef = 0893D87C2C9639D400D17809 /* ListingInline.swift */; };
		0893D87F2C9639E300D17809 /* ListingCard.swift in Sources */ = {isa = PBXBuildFile; fileRef = 0893D87E2C9639E300D17809 /* ListingCard.swift */; };
		0893D8812C9639EB00D17809 /* ListingPage.swift in Sources */ = {isa = PBXBuildFile; fileRef = 0893D8802C9639EB00D17809 /* ListingPage.swift */; };
		0893D8842C963CCB00D17809 /* ListingModel.swift in Sources */ = {isa = PBXBuildFile; fileRef = 0893D8832C963CCB00D17809 /* ListingModel.swift */; };
		0893D8862C963CDC00D17809 /* UserModel.swift in Sources */ = {isa = PBXBuildFile; fileRef = 0893D8852C963CDC00D17809 /* UserModel.swift */; };
/* End PBXBuildFile section */

/* Begin PBXFileReference section */
		0886F8292C95C66700867834 /* ApartmentsVT.app */ = {isa = PBXFileReference; explicitFileType = wrapper.application; includeInIndex = 0; path = ApartmentsVT.app; sourceTree = BUILT_PRODUCTS_DIR; };
		0886F82C2C95C66700867834 /* ApartmentsVTApp.swift */ = {isa = PBXFileReference; lastKnownFileType = sourcecode.swift; path = ApartmentsVTApp.swift; sourceTree = "<group>"; };
		0886F82E2C95C66700867834 /* ContentView.swift */ = {isa = PBXFileReference; lastKnownFileType = sourcecode.swift; path = ContentView.swift; sourceTree = "<group>"; };
		0886F8322C95C66900867834 /* Assets.xcassets */ = {isa = PBXFileReference; lastKnownFileType = folder.assetcatalog; path = Assets.xcassets; sourceTree = "<group>"; };
		0886F8352C95C66900867834 /* Preview Assets.xcassets */ = {isa = PBXFileReference; lastKnownFileType = folder.assetcatalog; path = "Preview Assets.xcassets"; sourceTree = "<group>"; };
		0886F83C2C96235C00867834 /* NavigationBar.swift */ = {isa = PBXFileReference; lastKnownFileType = sourcecode.swift; path = NavigationBar.swift; sourceTree = "<group>"; };
		0886F8422C96261000867834 /* DiscoverPage.swift */ = {isa = PBXFileReference; lastKnownFileType = sourcecode.swift; path = DiscoverPage.swift; sourceTree = "<group>"; };
		0886F8442C96261F00867834 /* SearchView.swift */ = {isa = PBXFileReference; lastKnownFileType = sourcecode.swift; path = SearchView.swift; sourceTree = "<group>"; };
		0886F8462C96262500867834 /* MessagesPage.swift */ = {isa = PBXFileReference; lastKnownFileType = sourcecode.swift; path = MessagesPage.swift; sourceTree = "<group>"; };
		0886F8482C96263500867834 /* ProfilePage.swift */ = {isa = PBXFileReference; lastKnownFileType = sourcecode.swift; path = ProfilePage.swift; sourceTree = "<group>"; };
		0886F84A2C96269A00867834 /* ObservableDefaults.swift */ = {isa = PBXFileReference; lastKnownFileType = sourcecode.swift; path = ObservableDefaults.swift; sourceTree = "<group>"; };
		0893D86C2C96295900D17809 /* Extensions.swift */ = {isa = PBXFileReference; lastKnownFileType = sourcecode.swift; path = Extensions.swift; sourceTree = "<group>"; };
		0893D8712C962A1300D17809 /* Inter.ttf */ = {isa = PBXFileReference; lastKnownFileType = file; path = Inter.ttf; sourceTree = "<group>"; };
		0893D8722C962A1300D17809 /* Manrope.ttf */ = {isa = PBXFileReference; lastKnownFileType = file; path = Manrope.ttf; sourceTree = "<group>"; };
		0893D8752C962A2900D17809 /* Info.plist */ = {isa = PBXFileReference; lastKnownFileType = text.plist; path = Info.plist; sourceTree = "<group>"; };
		0893D8772C96397300D17809 /* DiscoverTopBar.swift */ = {isa = PBXFileReference; lastKnownFileType = sourcecode.swift; path = DiscoverTopBar.swift; sourceTree = "<group>"; };
		0893D8792C9639B200D17809 /* RecommendedListings.swift */ = {isa = PBXFileReference; lastKnownFileType = sourcecode.swift; path = RecommendedListings.swift; sourceTree = "<group>"; };
		0893D87C2C9639D400D17809 /* ListingInline.swift */ = {isa = PBXFileReference; lastKnownFileType = sourcecode.swift; path = ListingInline.swift; sourceTree = "<group>"; };
		0893D87E2C9639E300D17809 /* ListingCard.swift */ = {isa = PBXFileReference; lastKnownFileType = sourcecode.swift; path = ListingCard.swift; sourceTree = "<group>"; };
		0893D8802C9639EB00D17809 /* ListingPage.swift */ = {isa = PBXFileReference; lastKnownFileType = sourcecode.swift; path = ListingPage.swift; sourceTree = "<group>"; };
		0893D8832C963CCB00D17809 /* ListingModel.swift */ = {isa = PBXFileReference; lastKnownFileType = sourcecode.swift; path = ListingModel.swift; sourceTree = "<group>"; };
		0893D8852C963CDC00D17809 /* UserModel.swift */ = {isa = PBXFileReference; lastKnownFileType = sourcecode.swift; path = UserModel.swift; sourceTree = "<group>"; };
/* End PBXFileReference section */

/* Begin PBXFrameworksBuildPhase section */
		0886F8262C95C66700867834 /* Frameworks */ = {
			isa = PBXFrameworksBuildPhase;
			buildActionMask = 2147483647;
			files = (
				0886F8402C96238000867834 /* SteadmanUI in Frameworks */,
			);
			runOnlyForDeploymentPostprocessing = 0;
		};
/* End PBXFrameworksBuildPhase section */

/* Begin PBXGroup section */
		0886F8202C95C66700867834 = {
			isa = PBXGroup;
			children = (
				0886F82B2C95C66700867834 /* ApartmentsVT */,
				0886F82A2C95C66700867834 /* Products */,
			);
			sourceTree = "<group>";
		};
		0886F82A2C95C66700867834 /* Products */ = {
			isa = PBXGroup;
			children = (
				0886F8292C95C66700867834 /* ApartmentsVT.app */,
			);
			name = Products;
			sourceTree = "<group>";
		};
		0886F82B2C95C66700867834 /* ApartmentsVT */ = {
			isa = PBXGroup;
			children = (
				0893D8822C963CC100D17809 /* Models */,
				0893D87B2C9639CA00D17809 /* Listing Views */,
				0893D8752C962A2900D17809 /* Info.plist */,
				0893D8702C9629D000D17809 /* Fonts */,
				0893D86F2C96299C00D17809 /* Helper Views */,
				0893D86E2C96296300D17809 /* Helper Classes */,
				0886F8412C96239100867834 /* Navigation Views */,
				0886F82C2C95C66700867834 /* ApartmentsVTApp.swift */,
				0886F82E2C95C66700867834 /* ContentView.swift */,
				0886F8322C95C66900867834 /* Assets.xcassets */,
				0886F8342C95C66900867834 /* Preview Content */,
			);
			path = ApartmentsVT;
			sourceTree = "<group>";
		};
		0886F8342C95C66900867834 /* Preview Content */ = {
			isa = PBXGroup;
			children = (
				0886F8352C95C66900867834 /* Preview Assets.xcassets */,
			);
			path = "Preview Content";
			sourceTree = "<group>";
		};
		0886F8412C96239100867834 /* Navigation Views */ = {
			isa = PBXGroup;
			children = (
				0893D8762C96396400D17809 /* Discover Views */,
				0886F8422C96261000867834 /* DiscoverPage.swift */,
				0886F8442C96261F00867834 /* SearchView.swift */,
				0886F8462C96262500867834 /* MessagesPage.swift */,
				0886F8482C96263500867834 /* ProfilePage.swift */,
			);
			path = "Navigation Views";
			sourceTree = "<group>";
		};
		0893D86E2C96296300D17809 /* Helper Classes */ = {
			isa = PBXGroup;
			children = (
				0893D86C2C96295900D17809 /* Extensions.swift */,
				0886F84A2C96269A00867834 /* ObservableDefaults.swift */,
			);
			path = "Helper Classes";
			sourceTree = "<group>";
		};
		0893D86F2C96299C00D17809 /* Helper Views */ = {
			isa = PBXGroup;
			children = (
				0886F83C2C96235C00867834 /* NavigationBar.swift */,
			);
			path = "Helper Views";
			sourceTree = "<group>";
		};
		0893D8702C9629D000D17809 /* Fonts */ = {
			isa = PBXGroup;
			children = (
				0893D8712C962A1300D17809 /* Inter.ttf */,
				0893D8722C962A1300D17809 /* Manrope.ttf */,
			);
			path = Fonts;
			sourceTree = "<group>";
		};
		0893D8762C96396400D17809 /* Discover Views */ = {
			isa = PBXGroup;
			children = (
				0893D8772C96397300D17809 /* DiscoverTopBar.swift */,
				0893D8792C9639B200D17809 /* RecommendedListings.swift */,
			);
			path = "Discover Views";
			sourceTree = "<group>";
		};
		0893D87B2C9639CA00D17809 /* Listing Views */ = {
			isa = PBXGroup;
			children = (
				0893D87C2C9639D400D17809 /* ListingInline.swift */,
				0893D87E2C9639E300D17809 /* ListingCard.swift */,
				0893D8802C9639EB00D17809 /* ListingPage.swift */,
			);
			path = "Listing Views";
			sourceTree = "<group>";
		};
		0893D8822C963CC100D17809 /* Models */ = {
			isa = PBXGroup;
			children = (
				0893D8832C963CCB00D17809 /* ListingModel.swift */,
				0893D8852C963CDC00D17809 /* UserModel.swift */,
			);
			path = Models;
			sourceTree = "<group>";
		};
/* End PBXGroup section */

/* Begin PBXNativeTarget section */
		0886F8282C95C66700867834 /* ApartmentsVT */ = {
			isa = PBXNativeTarget;
			buildConfigurationList = 0886F8392C95C66900867834 /* Build configuration list for PBXNativeTarget "ApartmentsVT" */;
			buildPhases = (
				0886F8252C95C66700867834 /* Sources */,
				0886F8262C95C66700867834 /* Frameworks */,
				0886F8272C95C66700867834 /* Resources */,
			);
			buildRules = (
			);
			dependencies = (
			);
			name = ApartmentsVT;
			packageProductDependencies = (
				0886F83F2C96238000867834 /* SteadmanUI */,
			);
			productName = ApartmentsVT;
			productReference = 0886F8292C95C66700867834 /* ApartmentsVT.app */;
			productType = "com.apple.product-type.application";
		};
/* End PBXNativeTarget section */

/* Begin PBXProject section */
		0886F8212C95C66700867834 /* Project object */ = {
			isa = PBXProject;
			attributes = {
				BuildIndependentTargetsInParallel = 1;
				LastSwiftUpdateCheck = 1540;
				LastUpgradeCheck = 1540;
				TargetAttributes = {
					0886F8282C95C66700867834 = {
						CreatedOnToolsVersion = 15.4;
					};
				};
			};
			buildConfigurationList = 0886F8242C95C66700867834 /* Build configuration list for PBXProject "ApartmentsVT" */;
			compatibilityVersion = "Xcode 14.0";
			developmentRegion = en;
			hasScannedForEncodings = 0;
			knownRegions = (
				en,
				Base,
			);
			mainGroup = 0886F8202C95C66700867834;
			packageReferences = (
				0886F83E2C96238000867834 /* XCRemoteSwiftPackageReference "steadmanui" */,
			);
			productRefGroup = 0886F82A2C95C66700867834 /* Products */;
			projectDirPath = "";
			projectRoot = "";
			targets = (
				0886F8282C95C66700867834 /* ApartmentsVT */,
			);
		};
/* End PBXProject section */

/* Begin PBXResourcesBuildPhase section */
		0886F8272C95C66700867834 /* Resources */ = {
			isa = PBXResourcesBuildPhase;
			buildActionMask = 2147483647;
			files = (
				0893D8732C962A1300D17809 /* Inter.ttf in Resources */,
				0893D8742C962A1300D17809 /* Manrope.ttf in Resources */,
				0886F8362C95C66900867834 /* Preview Assets.xcassets in Resources */,
				0886F8332C95C66900867834 /* Assets.xcassets in Resources */,
			);
			runOnlyForDeploymentPostprocessing = 0;
		};
/* End PBXResourcesBuildPhase section */

/* Begin PBXSourcesBuildPhase section */
		0886F8252C95C66700867834 /* Sources */ = {
			isa = PBXSourcesBuildPhase;
			buildActionMask = 2147483647;
			files = (
				0886F84B2C96269A00867834 /* ObservableDefaults.swift in Sources */,
				0893D86D2C96295900D17809 /* Extensions.swift in Sources */,
				0893D8782C96397300D17809 /* DiscoverTopBar.swift in Sources */,
				0893D87F2C9639E300D17809 /* ListingCard.swift in Sources */,
				0893D87D2C9639D400D17809 /* ListingInline.swift in Sources */,
				0886F8432C96261000867834 /* DiscoverPage.swift in Sources */,
				0886F8472C96262500867834 /* MessagesPage.swift in Sources */,
				0886F82F2C95C66700867834 /* ContentView.swift in Sources */,
				0886F8492C96263500867834 /* ProfilePage.swift in Sources */,
				0893D8842C963CCB00D17809 /* ListingModel.swift in Sources */,
				0893D8862C963CDC00D17809 /* UserModel.swift in Sources */,
				0886F82D2C95C66700867834 /* ApartmentsVTApp.swift in Sources */,
				0893D87A2C9639B200D17809 /* RecommendedListings.swift in Sources */,
				0886F83D2C96235C00867834 /* NavigationBar.swift in Sources */,
				0886F8452C96261F00867834 /* SearchView.swift in Sources */,
				0893D8812C9639EB00D17809 /* ListingPage.swift in Sources */,
			);
			runOnlyForDeploymentPostprocessing = 0;
		};
/* End PBXSourcesBuildPhase section */

/* Begin XCBuildConfiguration section */
		0886F8372C95C66900867834 /* Debug */ = {
			isa = XCBuildConfiguration;
			buildSettings = {
				ALWAYS_SEARCH_USER_PATHS = NO;
				ASSETCATALOG_COMPILER_GENERATE_SWIFT_ASSET_SYMBOL_EXTENSIONS = YES;
				CLANG_ANALYZER_NONNULL = YES;
				CLANG_ANALYZER_NUMBER_OBJECT_CONVERSION = YES_AGGRESSIVE;
				CLANG_CXX_LANGUAGE_STANDARD = "gnu++20";
				CLANG_ENABLE_MODULES = YES;
				CLANG_ENABLE_OBJC_ARC = YES;
				CLANG_ENABLE_OBJC_WEAK = YES;
				CLANG_WARN_BLOCK_CAPTURE_AUTORELEASING = YES;
				CLANG_WARN_BOOL_CONVERSION = YES;
				CLANG_WARN_COMMA = YES;
				CLANG_WARN_CONSTANT_CONVERSION = YES;
				CLANG_WARN_DEPRECATED_OBJC_IMPLEMENTATIONS = YES;
				CLANG_WARN_DIRECT_OBJC_ISA_USAGE = YES_ERROR;
				CLANG_WARN_DOCUMENTATION_COMMENTS = YES;
				CLANG_WARN_EMPTY_BODY = YES;
				CLANG_WARN_ENUM_CONVERSION = YES;
				CLANG_WARN_INFINITE_RECURSION = YES;
				CLANG_WARN_INT_CONVERSION = YES;
				CLANG_WARN_NON_LITERAL_NULL_CONVERSION = YES;
				CLANG_WARN_OBJC_IMPLICIT_RETAIN_SELF = YES;
				CLANG_WARN_OBJC_LITERAL_CONVERSION = YES;
				CLANG_WARN_OBJC_ROOT_CLASS = YES_ERROR;
				CLANG_WARN_QUOTED_INCLUDE_IN_FRAMEWORK_HEADER = YES;
				CLANG_WARN_RANGE_LOOP_ANALYSIS = YES;
				CLANG_WARN_STRICT_PROTOTYPES = YES;
				CLANG_WARN_SUSPICIOUS_MOVE = YES;
				CLANG_WARN_UNGUARDED_AVAILABILITY = YES_AGGRESSIVE;
				CLANG_WARN_UNREACHABLE_CODE = YES;
				CLANG_WARN__DUPLICATE_METHOD_MATCH = YES;
				COPY_PHASE_STRIP = NO;
				DEBUG_INFORMATION_FORMAT = dwarf;
				ENABLE_STRICT_OBJC_MSGSEND = YES;
				ENABLE_TESTABILITY = YES;
				ENABLE_USER_SCRIPT_SANDBOXING = YES;
				GCC_C_LANGUAGE_STANDARD = gnu17;
				GCC_DYNAMIC_NO_PIC = NO;
				GCC_NO_COMMON_BLOCKS = YES;
				GCC_OPTIMIZATION_LEVEL = 0;
				GCC_PREPROCESSOR_DEFINITIONS = (
					"DEBUG=1",
					"$(inherited)",
				);
				GCC_WARN_64_TO_32_BIT_CONVERSION = YES;
				GCC_WARN_ABOUT_RETURN_TYPE = YES_ERROR;
				GCC_WARN_UNDECLARED_SELECTOR = YES;
				GCC_WARN_UNINITIALIZED_AUTOS = YES_AGGRESSIVE;
				GCC_WARN_UNUSED_FUNCTION = YES;
				GCC_WARN_UNUSED_VARIABLE = YES;
				IPHONEOS_DEPLOYMENT_TARGET = 17.5;
				LOCALIZATION_PREFERS_STRING_CATALOGS = YES;
				MTL_ENABLE_DEBUG_INFO = INCLUDE_SOURCE;
				MTL_FAST_MATH = YES;
				ONLY_ACTIVE_ARCH = YES;
				SDKROOT = iphoneos;
				SWIFT_ACTIVE_COMPILATION_CONDITIONS = "DEBUG $(inherited)";
				SWIFT_OPTIMIZATION_LEVEL = "-Onone";
			};
			name = Debug;
		};
		0886F8382C95C66900867834 /* Release */ = {
			isa = XCBuildConfiguration;
			buildSettings = {
				ALWAYS_SEARCH_USER_PATHS = NO;
				ASSETCATALOG_COMPILER_GENERATE_SWIFT_ASSET_SYMBOL_EXTENSIONS = YES;
				CLANG_ANALYZER_NONNULL = YES;
				CLANG_ANALYZER_NUMBER_OBJECT_CONVERSION = YES_AGGRESSIVE;
				CLANG_CXX_LANGUAGE_STANDARD = "gnu++20";
				CLANG_ENABLE_MODULES = YES;
				CLANG_ENABLE_OBJC_ARC = YES;
				CLANG_ENABLE_OBJC_WEAK = YES;
				CLANG_WARN_BLOCK_CAPTURE_AUTORELEASING = YES;
				CLANG_WARN_BOOL_CONVERSION = YES;
				CLANG_WARN_COMMA = YES;
				CLANG_WARN_CONSTANT_CONVERSION = YES;
				CLANG_WARN_DEPRECATED_OBJC_IMPLEMENTATIONS = YES;
				CLANG_WARN_DIRECT_OBJC_ISA_USAGE = YES_ERROR;
				CLANG_WARN_DOCUMENTATION_COMMENTS = YES;
				CLANG_WARN_EMPTY_BODY = YES;
				CLANG_WARN_ENUM_CONVERSION = YES;
				CLANG_WARN_INFINITE_RECURSION = YES;
				CLANG_WARN_INT_CONVERSION = YES;
				CLANG_WARN_NON_LITERAL_NULL_CONVERSION = YES;
				CLANG_WARN_OBJC_IMPLICIT_RETAIN_SELF = YES;
				CLANG_WARN_OBJC_LITERAL_CONVERSION = YES;
				CLANG_WARN_OBJC_ROOT_CLASS = YES_ERROR;
				CLANG_WARN_QUOTED_INCLUDE_IN_FRAMEWORK_HEADER = YES;
				CLANG_WARN_RANGE_LOOP_ANALYSIS = YES;
				CLANG_WARN_STRICT_PROTOTYPES = YES;
				CLANG_WARN_SUSPICIOUS_MOVE = YES;
				CLANG_WARN_UNGUARDED_AVAILABILITY = YES_AGGRESSIVE;
				CLANG_WARN_UNREACHABLE_CODE = YES;
				CLANG_WARN__DUPLICATE_METHOD_MATCH = YES;
				COPY_PHASE_STRIP = NO;
				DEBUG_INFORMATION_FORMAT = "dwarf-with-dsym";
				ENABLE_NS_ASSERTIONS = NO;
				ENABLE_STRICT_OBJC_MSGSEND = YES;
				ENABLE_USER_SCRIPT_SANDBOXING = YES;
				GCC_C_LANGUAGE_STANDARD = gnu17;
				GCC_NO_COMMON_BLOCKS = YES;
				GCC_WARN_64_TO_32_BIT_CONVERSION = YES;
				GCC_WARN_ABOUT_RETURN_TYPE = YES_ERROR;
				GCC_WARN_UNDECLARED_SELECTOR = YES;
				GCC_WARN_UNINITIALIZED_AUTOS = YES_AGGRESSIVE;
				GCC_WARN_UNUSED_FUNCTION = YES;
				GCC_WARN_UNUSED_VARIABLE = YES;
				IPHONEOS_DEPLOYMENT_TARGET = 17.5;
				LOCALIZATION_PREFERS_STRING_CATALOGS = YES;
				MTL_ENABLE_DEBUG_INFO = NO;
				MTL_FAST_MATH = YES;
				SDKROOT = iphoneos;
				SWIFT_COMPILATION_MODE = wholemodule;
				VALIDATE_PRODUCT = YES;
			};
			name = Release;
		};
		0886F83A2C95C66900867834 /* Debug */ = {
			isa = XCBuildConfiguration;
			buildSettings = {
				ASSETCATALOG_COMPILER_APPICON_NAME = AppIcon;
				ASSETCATALOG_COMPILER_GLOBAL_ACCENT_COLOR_NAME = AccentColor;
				CODE_SIGN_STYLE = Automatic;
				CURRENT_PROJECT_VERSION = 1;
				DEVELOPMENT_ASSET_PATHS = "\"ApartmentsVT/Preview Content\"";
				DEVELOPMENT_TEAM = GUMZA2HGFC;
				ENABLE_PREVIEWS = YES;
				GENERATE_INFOPLIST_FILE = YES;
				INFOPLIST_FILE = ApartmentsVT/Info.plist;
				INFOPLIST_KEY_UIApplicationSceneManifest_Generation = YES;
				INFOPLIST_KEY_UIApplicationSupportsIndirectInputEvents = YES;
				INFOPLIST_KEY_UILaunchScreen_Generation = YES;
				INFOPLIST_KEY_UISupportedInterfaceOrientations_iPad = "UIInterfaceOrientationPortrait UIInterfaceOrientationPortraitUpsideDown UIInterfaceOrientationLandscapeLeft UIInterfaceOrientationLandscapeRight";
				INFOPLIST_KEY_UISupportedInterfaceOrientations_iPhone = "UIInterfaceOrientationPortrait UIInterfaceOrientationLandscapeLeft UIInterfaceOrientationLandscapeRight";
				LD_RUNPATH_SEARCH_PATHS = (
					"$(inherited)",
					"@executable_path/Frameworks",
				);
				MARKETING_VERSION = 1.0;
				PRODUCT_BUNDLE_IDENTIFIER = ptstudios.ApartmentsVT;
				PRODUCT_NAME = "$(TARGET_NAME)";
				SWIFT_EMIT_LOC_STRINGS = YES;
				SWIFT_VERSION = 5.0;
				TARGETED_DEVICE_FAMILY = "1,2";
			};
			name = Debug;
		};
		0886F83B2C95C66900867834 /* Release */ = {
			isa = XCBuildConfiguration;
			buildSettings = {
				ASSETCATALOG_COMPILER_APPICON_NAME = AppIcon;
				ASSETCATALOG_COMPILER_GLOBAL_ACCENT_COLOR_NAME = AccentColor;
				CODE_SIGN_STYLE = Automatic;
				CURRENT_PROJECT_VERSION = 1;
				DEVELOPMENT_ASSET_PATHS = "\"ApartmentsVT/Preview Content\"";
				DEVELOPMENT_TEAM = GUMZA2HGFC;
				ENABLE_PREVIEWS = YES;
				GENERATE_INFOPLIST_FILE = YES;
				INFOPLIST_FILE = ApartmentsVT/Info.plist;
				INFOPLIST_KEY_UIApplicationSceneManifest_Generation = YES;
				INFOPLIST_KEY_UIApplicationSupportsIndirectInputEvents = YES;
				INFOPLIST_KEY_UILaunchScreen_Generation = YES;
				INFOPLIST_KEY_UISupportedInterfaceOrientations_iPad = "UIInterfaceOrientationPortrait UIInterfaceOrientationPortraitUpsideDown UIInterfaceOrientationLandscapeLeft UIInterfaceOrientationLandscapeRight";
				INFOPLIST_KEY_UISupportedInterfaceOrientations_iPhone = "UIInterfaceOrientationPortrait UIInterfaceOrientationLandscapeLeft UIInterfaceOrientationLandscapeRight";
				LD_RUNPATH_SEARCH_PATHS = (
					"$(inherited)",
					"@executable_path/Frameworks",
				);
				MARKETING_VERSION = 1.0;
				PRODUCT_BUNDLE_IDENTIFIER = ptstudios.ApartmentsVT;
				PRODUCT_NAME = "$(TARGET_NAME)";
				SWIFT_EMIT_LOC_STRINGS = YES;
				SWIFT_VERSION = 5.0;
				TARGETED_DEVICE_FAMILY = "1,2";
			};
			name = Release;
		};
/* End XCBuildConfiguration section */

/* Begin XCConfigurationList section */
		0886F8242C95C66700867834 /* Build configuration list for PBXProject "ApartmentsVT" */ = {
			isa = XCConfigurationList;
			buildConfigurations = (
				0886F8372C95C66900867834 /* Debug */,
				0886F8382C95C66900867834 /* Release */,
			);
			defaultConfigurationIsVisible = 0;
			defaultConfigurationName = Release;
		};
		0886F8392C95C66900867834 /* Build configuration list for PBXNativeTarget "ApartmentsVT" */ = {
			isa = XCConfigurationList;
			buildConfigurations = (
				0886F83A2C95C66900867834 /* Debug */,
				0886F83B2C95C66900867834 /* Release */,
			);
			defaultConfigurationIsVisible = 0;
			defaultConfigurationName = Release;
		};
/* End XCConfigurationList section */

/* Begin XCRemoteSwiftPackageReference section */
		0886F83E2C96238000867834 /* XCRemoteSwiftPackageReference "steadmanui" */ = {
			isa = XCRemoteSwiftPackageReference;
			repositoryURL = "https://github.com/steadman1/steadmanui";
			requirement = {
				branch = main;
				kind = branch;
			};
		};
/* End XCRemoteSwiftPackageReference section */

/* Begin XCSwiftPackageProductDependency section */
		0886F83F2C96238000867834 /* SteadmanUI */ = {
			isa = XCSwiftPackageProductDependency;
			package = 0886F83E2C96238000867834 /* XCRemoteSwiftPackageReference "steadmanui" */;
			productName = SteadmanUI;
		};
/* End XCSwiftPackageProductDependency section */
	};
	rootObject = 0886F8212C95C66700867834 /* Project object */;
}
